
Microsoft Visual Studio Solution File, Format Version 12.00
# Visual Studio Version 17
VisualStudioVersion = 17.2.32526.322
MinimumVisualStudioVersion = 10.0.40219.1
Project("{FAE04EC0-301F-11D3-BF4B-00C04F79EFBC}") = "UDPListener(Energy)", "UDPListener(Energy).csproj", "{CBC499AB-CC65-4FF3-9067-BEB76BA6AA01}"
EndProject
Global
	GlobalSection(SolutionConfigurationPlatforms) = preSolution
		Debug|Any CPU = Debug|Any CPU
		Release|Any CPU = Release|Any CPU
	EndGlobalSection
	GlobalSection(ProjectConfigurationPlatforms) = postSolution
		{CBC499AB-CC65-4FF3-9067-BEB76BA6AA01}.Debug|Any CPU.ActiveCfg = Debug|Any CPU
		{CBC499AB-CC65-4FF3-9067-BEB76BA6AA01}.Debug|Any CPU.Build.0 = Debug|Any CPU
		{CBC499AB-CC65-4FF3-9067-BEB76BA6AA01}.Release|Any CPU.ActiveCfg = Release|Any CPU
		{CBC499AB-CC65-4FF3-9067-BEB76BA6AA01}.Release|Any CPU.Build.0 = Release|Any CPU
	EndGlobalSection
	GlobalSection(SolutionProperties) = preSolution
		HideSolutionNode = FALSE
	EndGlobalSection
	GlobalSection(ExtensibilityGlobals) = postSolution
		SolutionGuid = {9D5B02E6-ED71-48F6-A0E0-AF155E9B0EEB}
	EndGlobalSection
EndGlobal
